{
  "locks": [
    {
      "type": "layer",
      "item": "layer:leadership",
      "url": "https://git.launchpad.net/layer-leadership",
      "vcs": null,
      "branch": "cc5bd3f49b2fa5e6c3ab2336763c313ec8bf083f",
      "commit": "cc5bd3f49b2fa5e6c3ab2336763c313ec8bf083f"
    },
    {
      "type": "layer",
      "item": "layer:options",
      "url": "https://github.com/juju-solutions/layer-options.git",
      "vcs": null,
      "branch": "fcdcea4e5de3e1556c24e6704607862d0ba00a56",
      "commit": "fcdcea4e5de3e1556c24e6704607862d0ba00a56"
    },
    {
      "type": "layer",
      "item": "layer:basic",
      "url": "https://github.com/juju-solutions/layer-basic.git",
      "vcs": null,
      "branch": "a3ff62c32c993d80417f6e093e3ef95e42f62083",
      "commit": "a3ff62c32c993d80417f6e093e3ef95e42f62083"
    },
    {
      "type": "layer",
      "item": "layer:openstack",
      "url": "https://github.com/openstack/charm-layer-openstack",
      "vcs": null,
      "branch": "207bac8bec837edc6a4d6003f51d5b59d2d75adb",
      "commit": "207bac8bec837edc6a4d6003f51d5b59d2d75adb"
    },
    {
      "type": "layer",
      "item": "layer:openstack-principle",
      "url": "https://github.com/openstack/charm-layer-openstack-principle",
      "vcs": null,
      "branch": "8100de4b24ab361423363c75599124708169d871",
      "commit": "8100de4b24ab361423363c75599124708169d871"
    },
    {
      "type": "layer",
      "item": "layer:openstack-api",
      "url": "https://github.com/openstack/charm-layer-openstack-api",
      "vcs": null,
      "branch": "34311a62e963d0ce903b7ddb9d70b8f071f71651",
      "commit": "34311a62e963d0ce903b7ddb9d70b8f071f71651"
    },
    {
      "type": "layer",
      "item": "barbican",
      "url": null,
      "vcs": null,
      "branch": "refs/heads/21.10-updates\nrefs/heads/master",
      "commit": "refs/heads/21.10-updates\nrefs/heads/master"
    },
    {
      "type": "layer",
      "item": "interface:tls-certificates",
      "url": "https://github.com/juju-solutions/interface-tls-certificates",
      "vcs": null,
      "branch": "d9850016d930a6d507b9fd45e2598d327922b140",
      "commit": "d9850016d930a6d507b9fd45e2598d327922b140"
    },
    {
      "type": "layer",
      "item": "interface:mysql-shared",
      "url": "https://github.com/openstack/charm-interface-mysql-shared",
      "vcs": null,
      "branch": "06675c43c9f48ffa98b2abf2ddca137f8d18f31c",
      "commit": "06675c43c9f48ffa98b2abf2ddca137f8d18f31c"
    },
    {
      "type": "layer",
      "item": "interface:rabbitmq",
      "url": "https://github.com/openstack/charm-interface-rabbitmq",
      "vcs": null,
      "branch": "383121fc584d2d3bf9d233eba0d3708398a4c468",
      "commit": "383121fc584d2d3bf9d233eba0d3708398a4c468"
    },
    {
      "type": "layer",
      "item": "interface:keystone",
      "url": "https://github.com/openstack/charm-interface-keystone",
      "vcs": null,
      "branch": "a48a1e826ac0a74ab05a16c441cda4e4b34b1241",
      "commit": "a48a1e826ac0a74ab05a16c441cda4e4b34b1241"
    },
    {
      "type": "layer",
      "item": "interface:hacluster",
      "url": "https://github.com/openstack/charm-interface-hacluster.git",
      "vcs": null,
      "branch": "8125a7baecccf9b0869e515b92300dde3a86f31b",
      "commit": "8125a7baecccf9b0869e515b92300dde3a86f31b"
    },
    {
      "type": "layer",
      "item": "interface:openstack-ha",
      "url": "https://github.com/openstack/charm-interface-openstack-ha",
      "vcs": null,
      "branch": "a3b00e5b5fd857d130698c5cfe4b918877f0ab80",
      "commit": "a3b00e5b5fd857d130698c5cfe4b918877f0ab80"
    },
    {
      "type": "layer",
      "item": "interface:barbican-hsm",
      "url": "https://opendev.org/x/charm-interface-barbican-hsm",
      "vcs": null,
      "branch": "a2705db6a534bdc61bfac2b69f539ead165da4b9",
      "commit": "a2705db6a534bdc61bfac2b69f539ead165da4b9"
    },
    {
      "type": "layer",
      "item": "interface:barbican-secrets",
      "url": "https://github.com/openstack/charm-interface-barbican-secrets.git",
      "vcs": null,
      "branch": "1be4ff07766e51523be56115bb7df5e0cd82055f",
      "commit": "1be4ff07766e51523be56115bb7df5e0cd82055f"
    },
    {
      "type": "python_module",
      "package": "Jinja2",
      "vcs": null,
      "version": "2.10.1"
    },
    {
      "type": "python_module",
      "package": "psutil",
      "vcs": null,
      "version": "5.8.0"
    },
    {
      "type": "python_module",
      "package": "setuptools",
      "vcs": null,
      "version": "41.6.0"
    },
    {
      "type": "python_module",
      "package": "pip",
      "vcs": null,
      "version": "18.1"
    },
    {
      "type": "python_module",
      "package": "pbr",
      "vcs": null,
      "version": "5.6.0"
    },
    {
      "type": "python_module",
      "package": "dnspython",
      "vcs": null,
      "version": "1.16.0"
    },
    {
      "type": "python_module",
      "package": "PyYAML",
      "vcs": null,
      "version": "5.2"
    },
    {
      "type": "python_module",
      "package": "setuptools_scm",
      "vcs": null,
      "version": "1.17.0"
    },
    {
      "type": "python_module",
      "package": "netifaces",
      "vcs": null,
      "version": "0.11.0"
    },
    {
      "type": "python_module",
      "package": "MarkupSafe",
      "vcs": null,
      "version": "1.1.1"
    },
    {
      "type": "python_module",
      "package": "charms.openstack",
      "url": "git+https://github.com/openstack/charms.openstack.git",
      "branch": "stable/wallaby",
      "version": "10627ee5f991c268f174d6d100e218a0e1867af1",
      "vcs": "git"
    },
    {
      "type": "python_module",
      "package": "charms.reactive",
      "vcs": null,
      "version": "1.4.1"
    },
    {
      "type": "python_module",
      "package": "six",
      "vcs": null,
      "version": "1.16.0"
    },
    {
      "type": "python_module",
      "package": "charmhelpers",
      "url": "git+https://github.com/juju/charm-helpers.git",
      "branch": "stable/wallaby",
      "version": "f8f822d5e908b1ac5694815c2d5522b6533e04f8",
      "vcs": "git"
    },
    {
      "type": "python_module",
      "package": "netaddr",
      "vcs": null,
      "version": "0.7.19"
    },
    {
      "type": "python_module",
      "package": "wheel",
      "vcs": null,
      "version": "0.33.6"
    },
    {
      "type": "python_module",
      "package": "pyaml",
      "vcs": null,
      "version": "21.10.1"
    }
  ]
}